{
  "nodes": {
    "comfyui-workflow-templates-core": {
      "inputs": {
        "flake-lib": [
          "flake-lib"
        ],
        "flake-utils": [
          "flake-utils"
        ],
        "nixpkgs": [
          "nixpkgs"
        ]
      },
      "locked": {
        "lastModified": 1789475373,
        "narHash": "sha256-TIVCHBATRXKA8ecP40UPEjVJFqXxtSnZDFbdJNC6nQ8=",
        "owner": "jgus-org",
        "repo": "comfyui-workflow-templates-core-flake",
        "rev": "e7ef16ee6fa072327fd3c065e42c74821fc8387c",
        "type": "github"
      },
      "original": {
        "owner": "jgus-org",
        "repo": "comfyui-workflow-templates-core-flake",
        "type": "github"
      }
    },
    "comfyui-workflow-templates-json": {
      "inputs": {
        "flake-lib": [
          "flake-lib"
        ],
        "flake-utils": [
          "flake-utils"
        ],
        "nixpkgs": [
          "nixpkgs"
        ]
      },
      "locked": {
        "lastModified": 1789475477,
        "narHash": "sha256-iBMvok+muFiE44ZF655qpe/k0xtknRFQ08IJzHidWeE=",
        "owner": "jgus-org",
        "repo": "comfyui-workflow-templates-json-flake",
        "rev": "54711c0378c817a53c025056c4c41998c3665ec7",
        "type": "github"
      },
      "original": {
        "owner": "jgus-org",
        "repo": "comfyui-workflow-templates-json-flake",
        "type": "github"
      }
    },
    "comfyui-workflow-templates-media-api": {
      "inputs": {
        "flake-lib": [
          "flake-lib"
        ],
        "flake-utils": [
          "flake-utils"
        ],
        "nixpkgs": [
          "nixpkgs"
        ]
      },
      "locked": {
        "lastModified": 1789479818,
        "narHash": "sha256-6cLieTirTtZ0uIiNr/uRc5gJcKjOaAUQgIiWNKAr9UA=",
        "owner": "jgus-org",
        "repo": "comfyui-workflow-templates-media-api-flake",
        "rev": "87551384aa10908917f9105f803de200a2fcb4b7",
        "type": "github"
      },
      "original": {
        "owner": "jgus-org",
        "repo": "comfyui-workflow-templates-media-api-flake",
        "type": "github"
      }
    },
    "comfyui-workflow-templates-media-assets-01": {
      "inputs": {
        "flake-lib": [
          "flake-lib"
        ],
        "flake-utils": [
          "flake-utils"
        ],
        "nixpkgs": [
          "nixpkgs"
        ]
      },
      "locked": {
        "lastModified": 1789397950,
        "narHash": "sha256-mEfAShgp3vZcOe7S1IGQQDsN6vqCXfBe/lzHviZtW38=",
        "owner": "jgus-org",
        "repo": "comfyui-workflow-templates-media-assets-01-flake",
        "rev": "78d6b1d7150b8a28d8f44d780726b02a7847139d",
        "type": "github"
      },
      "original": {
        "owner": "jgus-org",
        "repo": "comfyui-workflow-templates-media-assets-01-flake",
        "type": "github"
      }
    },
    "comfyui-workflow-templates-media-image": {
      "inputs": {
        "flake-lib": [
          "flake-lib"
        ],
        "flake-utils": [
          "flake-utils"
        ],
        "nixpkgs": [
          "nixpkgs"
        ]
      },
      "locked": {
        "lastModified": 1789474772,
        "narHash": "sha256-uvbIjAEvIgoLd8u+ILAiQRrI16nukUNzBkrj0fkkMqo=",
        "owner": "jgus-org",
        "repo": "comfyui-workflow-templates-media-image-flake",
        "rev": "1776e8e76adb81dd82f2ade87195ba6f9c8ff804",
        "type": "github"
      },
      "original": {
        "owner": "jgus-org",
        "repo": "comfyui-workflow-templates-media-image-flake",
        "type": "github"
      }
    },
    "comfyui-workflow-templates-media-other": {
      "inputs": {
        "flake-lib": [
          "flake-lib"
        ],
        "flake-utils": [
          "flake-utils"
        ],
        "nixpkgs": [
          "nixpkgs"
        ]
      },
      "locked": {
        "lastModified": 1789474617,
        "narHash": "sha256-ofvszx6ktC8u4bIKd7MSRZorGm43gJXgZzso9nF3hjQ=",
        "owner": "jgus-org",
        "repo": "comfyui-workflow-templates-media-other-flake",
        "rev": "04ba8d322de900e5460bda49e0a0030f3051f2c9",
        "type": "github"
      },
      "original": {
        "owner": "jgus-org",
        "repo": "comfyui-workflow-templates-media-other-flake",
        "type": "github"
      }
    },
    "comfyui-workflow-templates-media-video": {
      "inputs": {
        "flake-lib": [
          "flake-lib"
        ],
        "flake-utils": [
          "flake-utils"
        ],
        "nixpkgs": [
          "nixpkgs"
        ]
      },
      "locked": {
        "lastModified": 1789475368,
        "narHash": "sha256-roERZlXzYRsZ9ArFwsu36KUn8XuBYFif1dIDa8qyrx8=",
        "owner": "jgus-org",
        "repo": "comfyui-workflow-templates-media-video-flake",
        "rev": "55db536d954c6288c3ed28a57cc5028a700f5828",
        "type": "github"
      },
      "original": {
        "owner": "jgus-org",
        "repo": "comfyui-workflow-templates-media-video-flake",
        "type": "github"
      }
    },
    "flake-lib": {
      "inputs": {
        "flake-utils": [
          "flake-utils"
        ],
        "nixpkgs": [
          "nixpkgs"
        ]
      },
      "locked": {
        "lastModified": 1789407061,
        "narHash": "sha256-4bOZPG2lucz9JW5lwQhYmtoo2MD4OassjJHVSL2IYG4=",
        "owner": "jgus-org",
        "repo": "flake-lib",
        "rev": "b2e0f3e1bcef2d0ae400982f3b86c59c27b067d7",
        "type": "github"
      },
      "original": {
        "owner": "jgus-org",
        "ref": "v1",
        "repo": "flake-lib",
        "type": "github"
      }
    },
    "flake-utils": {
      "inputs": {
        "systems": "systems"
      },
      "locked": {
        "lastModified": 1731533236,
        "narHash": "sha256-l0KFg5HjrsfsO/JpG+r7fRrqm12kzFHyUHqHCVpMMbI=",
        "owner": "numtide",
        "repo": "flake-utils",
        "rev": "11707dc2f618dd54ca8739b309ec4fc024de578b",
        "type": "github"
      },
      "original": {
        "owner": "numtide",
        "repo": "flake-utils",
        "type": "github"
      }
    },
    "nixpkgs": {
      "locked": {
        "lastModified": 1789370336,
        "narHash": "sha256-6RSEDHIWQtesQKWSu5qRai8L2h4KgCgMEfJHstW99G4=",
        "owner": "NixOS",
        "repo": "nixpkgs",
        "rev": "c7def046b9a883d46974757852106483d741586f",
        "type": "github"
      },
      "original": {
        "owner": "NixOS",
        "ref": "nixpkgs-unstable",
        "repo": "nixpkgs",
        "type": "github"
      }
    },
    "root": {
      "inputs": {
        "comfyui-workflow-templates-core": "comfyui-workflow-templates-core",
        "comfyui-workflow-templates-json": "comfyui-workflow-templates-json",
        "comfyui-workflow-templates-media-api": "comfyui-workflow-templates-media-api",
        "comfyui-workflow-templates-media-assets-01": "comfyui-workflow-templates-media-assets-01",
        "comfyui-workflow-templates-media-image": "comfyui-workflow-templates-media-image",
        "comfyui-workflow-templates-media-other": "comfyui-workflow-templates-media-other",
        "comfyui-workflow-templates-media-video": "comfyui-workflow-templates-media-video",
        "flake-lib": "flake-lib",
        "flake-utils": "flake-utils",
        "nixpkgs": "nixpkgs"
      }
    },
    "systems": {
      "locked": {
        "lastModified": 1681028828,
        "narHash": "sha256-Vy1rq5AaRuLzOxct8nz4T6wlgyUR7zLU309k9mBC768=",
        "owner": "nix-systems",
        "repo": "default",
        "rev": "da67096a3b9bf56a91d16901293e51ba5b49a27e",
        "type": "github"
      },
      "original": {
        "owner": "nix-systems",
        "repo": "default",
        "type": "github"
      }
    }
  },
  "root": "root",
  "version": 7
}
