{
  "nodes": {
    "comfyui-workflow-templates-core": {
      "inputs": {
        "flake-lib": [
          "flake-lib"
        ],
        "flake-utils": [
          "flake-utils"
        ],
        "nixpkgs": [
          "nixpkgs"
        ]
      },
      "locked": {
        "lastModified": 1789128424,
        "narHash": "sha256-QJfKbHsLCLMO30FUcy6zB37+ITtaOzSimSwVCWzkAvw=",
        "owner": "jgus-org",
        "repo": "comfyui-workflow-templates-core-flake",
        "rev": "a57d3e9666f12c1a4aa0b389ef5b65a1db4b7fbe",
        "type": "github"
      },
      "original": {
        "owner": "jgus-org",
        "repo": "comfyui-workflow-templates-core-flake",
        "type": "github"
      }
    },
    "comfyui-workflow-templates-json": {
      "inputs": {
        "flake-lib": [
          "flake-lib"
        ],
        "flake-utils": [
          "flake-utils"
        ],
        "nixpkgs": [
          "nixpkgs"
        ]
      },
      "locked": {
        "lastModified": 1789128315,
        "narHash": "sha256-Tiy3H30nvMWtvaCCdAR1HepCcXjVEZp4xV1tk5McWvM=",
        "owner": "jgus-org",
        "repo": "comfyui-workflow-templates-json-flake",
        "rev": "e4f689b8e8d729990dab5df417184c02f9efaa42",
        "type": "github"
      },
      "original": {
        "owner": "jgus-org",
        "repo": "comfyui-workflow-templates-json-flake",
        "type": "github"
      }
    },
    "comfyui-workflow-templates-media-api": {
      "inputs": {
        "flake-lib": [
          "flake-lib"
        ],
        "flake-utils": [
          "flake-utils"
        ],
        "nixpkgs": [
          "nixpkgs"
        ]
      },
      "locked": {
        "lastModified": 1789128561,
        "narHash": "sha256-GaToku5MEavhOpANu/6aBOJbV27j0YdkwIc3pNyIdEY=",
        "owner": "jgus-org",
        "repo": "comfyui-workflow-templates-media-api-flake",
        "rev": "7c6a86f67a03cd0014afd341b789b049005afa7a",
        "type": "github"
      },
      "original": {
        "owner": "jgus-org",
        "repo": "comfyui-workflow-templates-media-api-flake",
        "type": "github"
      }
    },
    "comfyui-workflow-templates-media-assets-01": {
      "inputs": {
        "flake-lib": [
          "flake-lib"
        ],
        "flake-utils": [
          "flake-utils"
        ],
        "nixpkgs": [
          "nixpkgs"
        ]
      },
      "locked": {
        "lastModified": 1789128605,
        "narHash": "sha256-foFxE+5z+GuCzbuYPvQq2iyusKsNFegdMoWbmBCA66A=",
        "owner": "jgus-org",
        "repo": "comfyui-workflow-templates-media-assets-01-flake",
        "rev": "2a10730115cabafb7c3c80676a9ff9c2b4a3437c",
        "type": "github"
      },
      "original": {
        "owner": "jgus-org",
        "repo": "comfyui-workflow-templates-media-assets-01-flake",
        "type": "github"
      }
    },
    "comfyui-workflow-templates-media-image": {
      "inputs": {
        "flake-lib": [
          "flake-lib"
        ],
        "flake-utils": [
          "flake-utils"
        ],
        "nixpkgs": [
          "nixpkgs"
        ]
      },
      "locked": {
        "lastModified": 1789127832,
        "narHash": "sha256-Su+Jzuw7UYbihzzHzbeIYP6Pr77UnyGCmoM350XJ3zM=",
        "owner": "jgus-org",
        "repo": "comfyui-workflow-templates-media-image-flake",
        "rev": "b1ad83c3d5b070e506199cf5468bf0dc605d2338",
        "type": "github"
      },
      "original": {
        "owner": "jgus-org",
        "repo": "comfyui-workflow-templates-media-image-flake",
        "type": "github"
      }
    },
    "comfyui-workflow-templates-media-other": {
      "inputs": {
        "flake-lib": [
          "flake-lib"
        ],
        "flake-utils": [
          "flake-utils"
        ],
        "nixpkgs": [
          "nixpkgs"
        ]
      },
      "locked": {
        "lastModified": 1789127644,
        "narHash": "sha256-X/UfUo++wkeLPuvFdBt4K0JLDCugdBtRJb6M5S1tMK8=",
        "owner": "jgus-org",
        "repo": "comfyui-workflow-templates-media-other-flake",
        "rev": "36f6f73c92950e756fe85566e6d4d2528c48de08",
        "type": "github"
      },
      "original": {
        "owner": "jgus-org",
        "repo": "comfyui-workflow-templates-media-other-flake",
        "type": "github"
      }
    },
    "comfyui-workflow-templates-media-video": {
      "inputs": {
        "flake-lib": [
          "flake-lib"
        ],
        "flake-utils": [
          "flake-utils"
        ],
        "nixpkgs": [
          "nixpkgs"
        ]
      },
      "locked": {
        "lastModified": 1789128270,
        "narHash": "sha256-bBorfLbiOtTo4usrOv3+VV0MbewYwdYP9xOM+sPS1kA=",
        "owner": "jgus-org",
        "repo": "comfyui-workflow-templates-media-video-flake",
        "rev": "e7fe8e5fdd533bbaa081a29576bc2d8f931aad28",
        "type": "github"
      },
      "original": {
        "owner": "jgus-org",
        "repo": "comfyui-workflow-templates-media-video-flake",
        "type": "github"
      }
    },
    "flake-lib": {
      "inputs": {
        "flake-utils": [
          "flake-utils"
        ],
        "nixpkgs": [
          "nixpkgs"
        ]
      },
      "locked": {
        "lastModified": 1789076164,
        "narHash": "sha256-J1ejsQ8AkC0oRhXWYJO7BkeSiop7t2qovIU2IGUnPmE=",
        "owner": "jgus-org",
        "repo": "flake-lib",
        "rev": "65799267ab37656b9a92af28c50675768a4a052b",
        "type": "github"
      },
      "original": {
        "owner": "jgus-org",
        "ref": "v1",
        "repo": "flake-lib",
        "type": "github"
      }
    },
    "flake-utils": {
      "inputs": {
        "systems": "systems"
      },
      "locked": {
        "lastModified": 1731533236,
        "narHash": "sha256-l0KFg5HjrsfsO/JpG+r7fRrqm12kzFHyUHqHCVpMMbI=",
        "owner": "numtide",
        "repo": "flake-utils",
        "rev": "11707dc2f618dd54ca8739b309ec4fc024de578b",
        "type": "github"
      },
      "original": {
        "owner": "numtide",
        "repo": "flake-utils",
        "type": "github"
      }
    },
    "nixpkgs": {
      "locked": {
        "lastModified": 1789073787,
        "narHash": "sha256-xfX/toC2QV707s06GbP4II/TxYF0fNQj7s5/LClNDKc=",
        "owner": "NixOS",
        "repo": "nixpkgs",
        "rev": "aff8a0b28396750446e5537a96461bc4facdb287",
        "type": "github"
      },
      "original": {
        "owner": "NixOS",
        "ref": "nixpkgs-unstable",
        "repo": "nixpkgs",
        "type": "github"
      }
    },
    "root": {
      "inputs": {
        "comfyui-workflow-templates-core": "comfyui-workflow-templates-core",
        "comfyui-workflow-templates-json": "comfyui-workflow-templates-json",
        "comfyui-workflow-templates-media-api": "comfyui-workflow-templates-media-api",
        "comfyui-workflow-templates-media-assets-01": "comfyui-workflow-templates-media-assets-01",
        "comfyui-workflow-templates-media-image": "comfyui-workflow-templates-media-image",
        "comfyui-workflow-templates-media-other": "comfyui-workflow-templates-media-other",
        "comfyui-workflow-templates-media-video": "comfyui-workflow-templates-media-video",
        "flake-lib": "flake-lib",
        "flake-utils": "flake-utils",
        "nixpkgs": "nixpkgs"
      }
    },
    "systems": {
      "locked": {
        "lastModified": 1681028828,
        "narHash": "sha256-Vy1rq5AaRuLzOxct8nz4T6wlgyUR7zLU309k9mBC768=",
        "owner": "nix-systems",
        "repo": "default",
        "rev": "da67096a3b9bf56a91d16901293e51ba5b49a27e",
        "type": "github"
      },
      "original": {
        "owner": "nix-systems",
        "repo": "default",
        "type": "github"
      }
    }
  },
  "root": "root",
  "version": 7
}
